
Microsoft Visual Studio Solution File, Format Version 12.00
# Visual Studio 15
VisualStudioVersion = 15.0.28010.2026
MinimumVisualStudioVersion = 10.0.40219.1
Project("{FAE04EC0-301F-11D3-BF4B-00C04F79EFBC}") = "FiguresClassLibrary", "FiguresClassLibrary\FiguresClassLibrary.csproj", "{C92B3416-8C34-4A54-9710-6E6521BAF76D}"
EndProject
Project("{FAE04EC0-301F-11D3-BF4B-00C04F79EFBC}") = "TaskClassLibrary", "..\TaskClassLibrary\TaskClassLibrary.csproj", "{996861D5-940B-41EF-9D91-2DE88E35DD21}"
EndProject
Project("{FAE04EC0-301F-11D3-BF4B-00C04F79EFBC}") = "ConsoleApp1", "..\ConsoleApp1\ConsoleApp1.csproj", "{94C4E201-F106-4500-A95B-1628200E8E9C}"
EndProject
Project("{FAE04EC0-301F-11D3-BF4B-00C04F79EFBC}") = "NUnitTest", "..\NUnitTest\NUnitTest.csproj", "{31D6A6D9-BD7D-4FA4-AA79-86E9B235E832}"
EndProject
Global
	GlobalSection(SolutionConfigurationPlatforms) = preSolution
		Debug|Any CPU = Debug|Any CPU
		Release|Any CPU = Release|Any CPU
	EndGlobalSection
	GlobalSection(ProjectConfigurationPlatforms) = postSolution
		{C92B3416-8C34-4A54-9710-6E6521BAF76D}.Debug|Any CPU.ActiveCfg = Debug|Any CPU
		{C92B3416-8C34-4A54-9710-6E6521BAF76D}.Debug|Any CPU.Build.0 = Debug|Any CPU
		{C92B3416-8C34-4A54-9710-6E6521BAF76D}.Release|Any CPU.ActiveCfg = Release|Any CPU
		{C92B3416-8C34-4A54-9710-6E6521BAF76D}.Release|Any CPU.Build.0 = Release|Any CPU
		{996861D5-940B-41EF-9D91-2DE88E35DD21}.Debug|Any CPU.ActiveCfg = Debug|Any CPU
		{996861D5-940B-41EF-9D91-2DE88E35DD21}.Debug|Any CPU.Build.0 = Debug|Any CPU
		{996861D5-940B-41EF-9D91-2DE88E35DD21}.Release|Any CPU.ActiveCfg = Release|Any CPU
		{996861D5-940B-41EF-9D91-2DE88E35DD21}.Release|Any CPU.Build.0 = Release|Any CPU
		{94C4E201-F106-4500-A95B-1628200E8E9C}.Debug|Any CPU.ActiveCfg = Debug|Any CPU
		{94C4E201-F106-4500-A95B-1628200E8E9C}.Debug|Any CPU.Build.0 = Debug|Any CPU
		{94C4E201-F106-4500-A95B-1628200E8E9C}.Release|Any CPU.ActiveCfg = Release|Any CPU
		{94C4E201-F106-4500-A95B-1628200E8E9C}.Release|Any CPU.Build.0 = Release|Any CPU
		{31D6A6D9-BD7D-4FA4-AA79-86E9B235E832}.Debug|Any CPU.ActiveCfg = Debug|Any CPU
		{31D6A6D9-BD7D-4FA4-AA79-86E9B235E832}.Debug|Any CPU.Build.0 = Debug|Any CPU
		{31D6A6D9-BD7D-4FA4-AA79-86E9B235E832}.Release|Any CPU.ActiveCfg = Release|Any CPU
		{31D6A6D9-BD7D-4FA4-AA79-86E9B235E832}.Release|Any CPU.Build.0 = Release|Any CPU
	EndGlobalSection
	GlobalSection(SolutionProperties) = preSolution
		HideSolutionNode = FALSE
	EndGlobalSection
	GlobalSection(ExtensibilityGlobals) = postSolution
		SolutionGuid = {9F51F721-707F-4AB1-8FB9-DF8F128EFC91}
	EndGlobalSection
EndGlobal
